
Microsoft Visual Studio Solution File, Format Version 12.00
# Visual Studio Version 17
VisualStudioVersion = 17.11.35303.130
MinimumVisualStudioVersion = 10.0.40219.1
Project("{FAE04EC0-301F-11D3-BF4B-00C04F79EFBC}") = "MyWebApi", "MyWebApi\MyWebApi.csproj", "{7E23809C-5B10-46A3-8659-3E91AD7EB628}"
EndProject
Global
	GlobalSection(SolutionConfigurationPlatforms) = preSolution
		Debug|Any CPU = Debug|Any CPU
		Release|Any CPU = Release|Any CPU
	EndGlobalSection
	GlobalSection(ProjectConfigurationPlatforms) = postSolution
		{7E23809C-5B10-46A3-8659-3E91AD7EB628}.Debug|Any CPU.ActiveCfg = Debug|Any CPU
		{7E23809C-5B10-46A3-8659-3E91AD7EB628}.Debug|Any CPU.Build.0 = Debug|Any CPU
		{7E23809C-5B10-46A3-8659-3E91AD7EB628}.Release|Any CPU.ActiveCfg = Release|Any CPU
		{7E23809C-5B10-46A3-8659-3E91AD7EB628}.Release|Any CPU.Build.0 = Release|Any CPU
	EndGlobalSection
	GlobalSection(SolutionProperties) = preSolution
		HideSolutionNode = FALSE
	EndGlobalSection
	GlobalSection(ExtensibilityGlobals) = postSolution
		SolutionGuid = {2F8CF327-1AD2-4A76-ADA7-F2119E3B92A6}
	EndGlobalSection
EndGlobal
